
Microsoft Visual Studio Solution File, Format Version 12.00
# Visual Studio Version 16
VisualStudioVersion = 16.0.29519.87
MinimumVisualStudioVersion = 10.0.40219.1
Project("{9A19103F-16F7-4668-BE54-9A1E7A4F7556}") = "ContosoPets.Api", "ContosoPets.Api.csproj", "{903D6971-B4B3-403C-A216-DFFDD328B512}"
EndProject
Global
	GlobalSection(SolutionConfigurationPlatforms) = preSolution
		Debug|Any CPU = Debug|Any CPU
		Release|Any CPU = Release|Any CPU
	EndGlobalSection
	GlobalSection(ProjectConfigurationPlatforms) = postSolution
		{903D6971-B4B3-403C-A216-DFFDD328B512}.Debug|Any CPU.ActiveCfg = Debug|Any CPU
		{903D6971-B4B3-403C-A216-DFFDD328B512}.Debug|Any CPU.Build.0 = Debug|Any CPU
		{903D6971-B4B3-403C-A216-DFFDD328B512}.Release|Any CPU.ActiveCfg = Release|Any CPU
		{903D6971-B4B3-403C-A216-DFFDD328B512}.Release|Any CPU.Build.0 = Release|Any CPU
	EndGlobalSection
	GlobalSection(SolutionProperties) = preSolution
		HideSolutionNode = FALSE
	EndGlobalSection
	GlobalSection(ExtensibilityGlobals) = postSolution
		SolutionGuid = {B8830E6C-73C9-4C8C-B7A5-91CA7CA4B05F}
	EndGlobalSection
EndGlobal
